{
  "name": "nestegg_v3",
  "version": "1.0.0",
  "lockfileVersion": 1,
  "requires": true,
  "dependencies": {
    "jquery": {
      "version": "3.4.0",
      "resolved": "https://registry.npmjs.org/jquery/-/jquery-3.4.0.tgz",
      "integrity": "sha512-ggRCXln9zEqv6OqAGXFEcshF5dSBvCkzj6Gm2gzuR5fWawaX8t7cxKVkkygKODrDAzKdoYw3l/e3pm3vlT4IbQ=="
    },
    "lity": {
      "version": "2.3.0",
      "resolved": "https://registry.npmjs.org/lity/-/lity-2.3.0.tgz",
      "integrity": "sha512-nIi1c+OK/gBmZquhWAShWKjME8A780zcOIPeOLkxoXJF16tvmoolXWT9uHNvUkLsUSaJBg6fPd/s3e4lSyudFw=="
    },
    "typed.js": {
      "version": "2.0.6",
      "resolved": "https://registry.npmjs.org/typed.js/-/typed.js-2.0.6.tgz",
      "integrity": "sha512-aGmMVR/J3fD4Dm3WWs1xb44ts47oQnYVgm2RF4BTMDdMpQIru0Jqa/lOkEzcS6eQWucA0lQl08rHgmNdvXkycQ=="
    }
  }
}
